<?xml version="1.0" encoding="utf-8"?>
<Project ToolsVersion="4.0" xmlns="http://schemas.microsoft.com/developer/msbuild/2003">
  <ItemGroup>
    <Filter Include="Source Files">
      <UniqueIdentifier>{ada04403-bf33-41e9-b4f1-d51284e38e11}</UniqueIdentifier>
    </Filter>
    <Filter Include="Generated Files">
      <UniqueIdentifier>{2a2430c8-3efd-4308-ad5c-a42aed16029a}</UniqueIdentifier>
      <SourceControlFiles>False</SourceControlFiles>
    </Filter>
  </ItemGroup>
  <ItemGroup>
    <None Include="ScannerAppps.def" />
  </ItemGroup>
  <ItemGroup>
    <ClCompile Include="ScannerApp_i.c">
      <Filter>Generated Files</Filter>
    </ClCompile>
    <ClCompile Include="ScannerApp_p.c">
      <Filter>Generated Files</Filter>
    </ClCompile>
    <ClCompile Include="dlldata.c">
      <Filter>Generated Files</Filter>
    </ClCompile>
  </ItemGroup>
</Project>